# THIS IS AN AUTOGENERATED FILE. DO NOT EDIT THIS FILE DIRECTLY.
# yarn lockfile v1


regenerator-runtime@^0.13.5:
  version "0.13.5"
  resolved "https://registry.yarnpkg.com/regenerator-runtime/-/regenerator-runtime-0.13.5.tgz#d878a1d094b4306d10b9096484b33ebd55e26697"
  integrity sha512-ZS5w8CpKFinUzOwW3c83oPeVXoNsrLsaCoLtJvAClH135j/R77RuymhiSErhm2lKcwSCIpmvIWSbDkIfAqKQlA==

streamsaver@^2.0.3:
  version "2.0.3"
  resolved "https://registry.yarnpkg.com/streamsaver/-/streamsaver-2.0.3.tgz#9a3a46deb9dc59ed876a82d3116f5fd89182c537"
  integrity sha512-IpXeZ67YxcsrfZHe3yg/IyZ5KPfRSn1teDy5mRX2e8M6K410NcJNcR+SFQ2Z92DO36VBUArQP4Vy3Qu33MwIOQ==
